
Microsoft Visual Studio Solution File, Format Version 12.00
# Visual Studio 15
VisualStudioVersion = 15.0.27703.2000
MinimumVisualStudioVersion = 10.0.40219.1
Project("{FAE04EC0-301F-11D3-BF4B-00C04F79EFBC}") = "TempLite", "TempLite\TempLite.csproj", "{5BFB9F8C-2677-4B3E-8A37-F14D347A3B49}"
	ProjectSection(ProjectDependencies) = postProject
		{F5F22DCC-878E-4508-A6B4-2463F0FB1466} = {F5F22DCC-878E-4508-A6B4-2463F0FB1466}
	EndProjectSection
EndProject
Project("{FAE04EC0-301F-11D3-BF4B-00C04F79EFBC}") = "PDF", "PDF\PDF.csproj", "{F5F22DCC-878E-4508-A6B4-2463F0FB1466}"
EndProject
Global
	GlobalSection(SolutionConfigurationPlatforms) = preSolution
		Debug .NET Native|Any CPU = Debug .NET Native|Any CPU
		Debug .NET Native|ARM = Debug .NET Native|ARM
		Debug .NET Native|ARM64 = Debug .NET Native|ARM64
		Debug .NET Native|x64 = Debug .NET Native|x64
		Debug .NET Native|x86 = Debug .NET Native|x86
		Debug|Any CPU = Debug|Any CPU
		Debug|ARM = Debug|ARM
		Debug|ARM64 = Debug|ARM64
		Debug|x64 = Debug|x64
		Debug|x86 = Debug|x86
		Release|Any CPU = Release|Any CPU
		Release|ARM = Release|ARM
		Release|ARM64 = Release|ARM64
		Release|x64 = Release|x64
		Release|x86 = Release|x86
	EndGlobalSection
	GlobalSection(ProjectConfigurationPlatforms) = postSolution
		{5BFB9F8C-2677-4B3E-8A37-F14D347A3B49}.Debug .NET Native|Any CPU.ActiveCfg = Debug|Any CPU
		{5BFB9F8C-2677-4B3E-8A37-F14D347A3B49}.Debug .NET Native|Any CPU.Build.0 = Debug|Any CPU
		{5BFB9F8C-2677-4B3E-8A37-F14D347A3B49}.Debug .NET Native|ARM.ActiveCfg = Debug|Any CPU
		{5BFB9F8C-2677-4B3E-8A37-F14D347A3B49}.Debug .NET Native|ARM.Build.0 = Debug|Any CPU
		{5BFB9F8C-2677-4B3E-8A37-F14D347A3B49}.Debug .NET Native|ARM64.ActiveCfg = Debug|Any CPU
		{5BFB9F8C-2677-4B3E-8A37-F14D347A3B49}.Debug .NET Native|ARM64.Build.0 = Debug|Any CPU
		{5BFB9F8C-2677-4B3E-8A37-F14D347A3B49}.Debug .NET Native|x64.ActiveCfg = Debug|Any CPU
		{5BFB9F8C-2677-4B3E-8A37-F14D347A3B49}.Debug .NET Native|x64.Build.0 = Debug|Any CPU
		{5BFB9F8C-2677-4B3E-8A37-F14D347A3B49}.Debug .NET Native|x86.ActiveCfg = Debug|Any CPU
		{5BFB9F8C-2677-4B3E-8A37-F14D347A3B49}.Debug .NET Native|x86.Build.0 = Debug|Any CPU
		{5BFB9F8C-2677-4B3E-8A37-F14D347A3B49}.Debug|Any CPU.ActiveCfg = Debug|Any CPU
		{5BFB9F8C-2677-4B3E-8A37-F14D347A3B49}.Debug|Any CPU.Build.0 = Debug|Any CPU
		{5BFB9F8C-2677-4B3E-8A37-F14D347A3B49}.Debug|ARM.ActiveCfg = Debug|Any CPU
		{5BFB9F8C-2677-4B3E-8A37-F14D347A3B49}.Debug|ARM.Build.0 = Debug|Any CPU
		{5BFB9F8C-2677-4B3E-8A37-F14D347A3B49}.Debug|ARM64.ActiveCfg = Debug|Any CPU
		{5BFB9F8C-2677-4B3E-8A37-F14D347A3B49}.Debug|ARM64.Build.0 = Debug|Any CPU
		{5BFB9F8C-2677-4B3E-8A37-F14D347A3B49}.Debug|x64.ActiveCfg = Debug|Any CPU
		{5BFB9F8C-2677-4B3E-8A37-F14D347A3B49}.Debug|x64.Build.0 = Debug|Any CPU
		{5BFB9F8C-2677-4B3E-8A37-F14D347A3B49}.Debug|x86.ActiveCfg = Debug|Any CPU
		{5BFB9F8C-2677-4B3E-8A37-F14D347A3B49}.Debug|x86.Build.0 = Debug|Any CPU
		{5BFB9F8C-2677-4B3E-8A37-F14D347A3B49}.Release|Any CPU.ActiveCfg = Debug|Any CPU
		{5BFB9F8C-2677-4B3E-8A37-F14D347A3B49}.Release|Any CPU.Build.0 = Debug|Any CPU
		{5BFB9F8C-2677-4B3E-8A37-F14D347A3B49}.Release|ARM.ActiveCfg = Release|Any CPU
		{5BFB9F8C-2677-4B3E-8A37-F14D347A3B49}.Release|ARM.Build.0 = Release|Any CPU
		{5BFB9F8C-2677-4B3E-8A37-F14D347A3B49}.Release|ARM64.ActiveCfg = Release|Any CPU
		{5BFB9F8C-2677-4B3E-8A37-F14D347A3B49}.Release|ARM64.Build.0 = Release|Any CPU
		{5BFB9F8C-2677-4B3E-8A37-F14D347A3B49}.Release|x64.ActiveCfg = Release|Any CPU
		{5BFB9F8C-2677-4B3E-8A37-F14D347A3B49}.Release|x64.Build.0 = Release|Any CPU
		{5BFB9F8C-2677-4B3E-8A37-F14D347A3B49}.Release|x86.ActiveCfg = Release|Any CPU
		{5BFB9F8C-2677-4B3E-8A37-F14D347A3B49}.Release|x86.Build.0 = Release|Any CPU
		{F5F22DCC-878E-4508-A6B4-2463F0FB1466}.Debug .NET Native|Any CPU.ActiveCfg = Debug|Any CPU
		{F5F22DCC-878E-4508-A6B4-2463F0FB1466}.Debug .NET Native|Any CPU.Build.0 = Debug|Any CPU
		{F5F22DCC-878E-4508-A6B4-2463F0FB1466}.Debug .NET Native|ARM.ActiveCfg = Debug|Any CPU
		{F5F22DCC-878E-4508-A6B4-2463F0FB1466}.Debug .NET Native|ARM.Build.0 = Debug|Any CPU
		{F5F22DCC-878E-4508-A6B4-2463F0FB1466}.Debug .NET Native|ARM64.ActiveCfg = Debug|Any CPU
		{F5F22DCC-878E-4508-A6B4-2463F0FB1466}.Debug .NET Native|ARM64.Build.0 = Debug|Any CPU
		{F5F22DCC-878E-4508-A6B4-2463F0FB1466}.Debug .NET Native|x64.ActiveCfg = Debug|Any CPU
		{F5F22DCC-878E-4508-A6B4-2463F0FB1466}.Debug .NET Native|x64.Build.0 = Debug|Any CPU
		{F5F22DCC-878E-4508-A6B4-2463F0FB1466}.Debug .NET Native|x86.ActiveCfg = Debug|Any CPU
		{F5F22DCC-878E-4508-A6B4-2463F0FB1466}.Debug .NET Native|x86.Build.0 = Debug|Any CPU
		{F5F22DCC-878E-4508-A6B4-2463F0FB1466}.Debug|Any CPU.ActiveCfg = Debug|Any CPU
		{F5F22DCC-878E-4508-A6B4-2463F0FB1466}.Debug|Any CPU.Build.0 = Debug|Any CPU
		{F5F22DCC-878E-4508-A6B4-2463F0FB1466}.Debug|ARM.ActiveCfg = Debug|Any CPU
		{F5F22DCC-878E-4508-A6B4-2463F0FB1466}.Debug|ARM.Build.0 = Debug|Any CPU
		{F5F22DCC-878E-4508-A6B4-2463F0FB1466}.Debug|ARM64.ActiveCfg = Debug|Any CPU
		{F5F22DCC-878E-4508-A6B4-2463F0FB1466}.Debug|ARM64.Build.0 = Debug|Any CPU
		{F5F22DCC-878E-4508-A6B4-2463F0FB1466}.Debug|x64.ActiveCfg = Debug|Any CPU
		{F5F22DCC-878E-4508-A6B4-2463F0FB1466}.Debug|x64.Build.0 = Debug|Any CPU
		{F5F22DCC-878E-4508-A6B4-2463F0FB1466}.Debug|x86.ActiveCfg = Debug|Any CPU
		{F5F22DCC-878E-4508-A6B4-2463F0FB1466}.Debug|x86.Build.0 = Debug|Any CPU
		{F5F22DCC-878E-4508-A6B4-2463F0FB1466}.Release|Any CPU.ActiveCfg = Release|Any CPU
		{F5F22DCC-878E-4508-A6B4-2463F0FB1466}.Release|Any CPU.Build.0 = Release|Any CPU
		{F5F22DCC-878E-4508-A6B4-2463F0FB1466}.Release|ARM.ActiveCfg = Release|Any CPU
		{F5F22DCC-878E-4508-A6B4-2463F0FB1466}.Release|ARM.Build.0 = Release|Any CPU
		{F5F22DCC-878E-4508-A6B4-2463F0FB1466}.Release|ARM64.ActiveCfg = Release|Any CPU
		{F5F22DCC-878E-4508-A6B4-2463F0FB1466}.Release|ARM64.Build.0 = Release|Any CPU
		{F5F22DCC-878E-4508-A6B4-2463F0FB1466}.Release|x64.ActiveCfg = Release|Any CPU
		{F5F22DCC-878E-4508-A6B4-2463F0FB1466}.Release|x64.Build.0 = Release|Any CPU
		{F5F22DCC-878E-4508-A6B4-2463F0FB1466}.Release|x86.ActiveCfg = Release|Any CPU
		{F5F22DCC-878E-4508-A6B4-2463F0FB1466}.Release|x86.Build.0 = Release|Any CPU
	EndGlobalSection
	GlobalSection(SolutionProperties) = preSolution
		HideSolutionNode = FALSE
	EndGlobalSection
	GlobalSection(ExtensibilityGlobals) = postSolution
		SolutionGuid = {B5B0172C-3DE5-49F7-A2A0-389829B6BB36}
	EndGlobalSection
EndGlobal
